
Microsoft Visual Studio Solution File, Format Version 12.00
# Visual Studio Version 16
VisualStudioVersion = 16.0.30114.105
MinimumVisualStudioVersion = 10.0.40219.1
Project("{FAE04EC0-301F-11D3-BF4B-00C04F79EFBC}") = "SimpleNet", "SimpleNet\SimpleNet.csproj", "{EFDAED05-B5C0-468B-9437-B5174A631BF3}"
EndProject
Global
	GlobalSection(SolutionConfigurationPlatforms) = preSolution
		Debug|Any CPU = Debug|Any CPU
		Release|Any CPU = Release|Any CPU
	EndGlobalSection
	GlobalSection(ProjectConfigurationPlatforms) = postSolution
		{EFDAED05-B5C0-468B-9437-B5174A631BF3}.Debug|Any CPU.ActiveCfg = Release|Any CPU
		{EFDAED05-B5C0-468B-9437-B5174A631BF3}.Debug|Any CPU.Build.0 = Release|Any CPU
		{EFDAED05-B5C0-468B-9437-B5174A631BF3}.Release|Any CPU.ActiveCfg = Release|Any CPU
		{EFDAED05-B5C0-468B-9437-B5174A631BF3}.Release|Any CPU.Build.0 = Release|Any CPU
	EndGlobalSection
	GlobalSection(SolutionProperties) = preSolution
		HideSolutionNode = FALSE
	EndGlobalSection
	GlobalSection(ExtensibilityGlobals) = postSolution
		SolutionGuid = {D325B2C4-0407-47ED-9D5B-2B56DFDC97B0}
	EndGlobalSection
EndGlobal
